
Microsoft Visual Studio Solution File, Format Version 12.00
# Visual Studio Version 17
VisualStudioVersion = 17.3.32922.545
MinimumVisualStudioVersion = 10.0.40219.1
Project("{9A19103F-16F7-4668-BE54-9A1E7A4F7556}") = "AddressBook.Api", "AddressBook.Api\AddressBook.Api.csproj", "{9DE1D700-5E59-42C2-9285-08EDE17CD63F}"
EndProject
Project("{9A19103F-16F7-4668-BE54-9A1E7A4F7556}") = "AddressBook.Infrastructure", "AddressBook.Infrastructure\AddressBook.Infrastructure.csproj", "{01554860-7D83-4BBD-821B-46A19EB64C10}"
EndProject
Project("{9A19103F-16F7-4668-BE54-9A1E7A4F7556}") = "AddressBook.Core", "AddressBook.Core\AddressBook.Core.csproj", "{10FCFE2C-F144-4D04-A50B-3A3C25CF493A}"
EndProject
Project("{9A19103F-16F7-4668-BE54-9A1E7A4F7556}") = "AddressBook.Common", "AddressBook.Common\AddressBook.Common.csproj", "{737FAEE0-D8F5-4919-B5C1-B2109AA5F826}"
EndProject
Project("{2150E333-8FDC-42A3-9474-1A3956D46DE8}") = "Solution Items", "Solution Items", "{0D6C20B8-3DB2-4A07-B46D-F9DE33C7BAC7}"
	ProjectSection(SolutionItems) = preProject
		.editorconfig = .editorconfig
	EndProjectSection
EndProject
Project("{2150E333-8FDC-42A3-9474-1A3956D46DE8}") = "tests", "tests", "{6C4DDC77-8D9A-4B1E-AFD4-A681B56EB8FB}"
EndProject
Project("{FAE04EC0-301F-11D3-BF4B-00C04F79EFBC}") = "AddressBook.Api.IntegrationTests", "AddressBook.Api.IntegrationTests\AddressBook.Api.IntegrationTests.csproj", "{9563BE36-9DAB-4107-8A30-C790D84113DD}"
EndProject
Global
	GlobalSection(SolutionConfigurationPlatforms) = preSolution
		Debug|Any CPU = Debug|Any CPU
		Release|Any CPU = Release|Any CPU
	EndGlobalSection
	GlobalSection(ProjectConfigurationPlatforms) = postSolution
		{9DE1D700-5E59-42C2-9285-08EDE17CD63F}.Debug|Any CPU.ActiveCfg = Debug|Any CPU
		{9DE1D700-5E59-42C2-9285-08EDE17CD63F}.Debug|Any CPU.Build.0 = Debug|Any CPU
		{9DE1D700-5E59-42C2-9285-08EDE17CD63F}.Release|Any CPU.ActiveCfg = Release|Any CPU
		{9DE1D700-5E59-42C2-9285-08EDE17CD63F}.Release|Any CPU.Build.0 = Release|Any CPU
		{01554860-7D83-4BBD-821B-46A19EB64C10}.Debug|Any CPU.ActiveCfg = Debug|Any CPU
		{01554860-7D83-4BBD-821B-46A19EB64C10}.Debug|Any CPU.Build.0 = Debug|Any CPU
		{01554860-7D83-4BBD-821B-46A19EB64C10}.Release|Any CPU.ActiveCfg = Release|Any CPU
		{01554860-7D83-4BBD-821B-46A19EB64C10}.Release|Any CPU.Build.0 = Release|Any CPU
		{10FCFE2C-F144-4D04-A50B-3A3C25CF493A}.Debug|Any CPU.ActiveCfg = Debug|Any CPU
		{10FCFE2C-F144-4D04-A50B-3A3C25CF493A}.Debug|Any CPU.Build.0 = Debug|Any CPU
		{10FCFE2C-F144-4D04-A50B-3A3C25CF493A}.Release|Any CPU.ActiveCfg = Release|Any CPU
		{10FCFE2C-F144-4D04-A50B-3A3C25CF493A}.Release|Any CPU.Build.0 = Release|Any CPU
		{737FAEE0-D8F5-4919-B5C1-B2109AA5F826}.Debug|Any CPU.ActiveCfg = Debug|Any CPU
		{737FAEE0-D8F5-4919-B5C1-B2109AA5F826}.Debug|Any CPU.Build.0 = Debug|Any CPU
		{737FAEE0-D8F5-4919-B5C1-B2109AA5F826}.Release|Any CPU.ActiveCfg = Release|Any CPU
		{737FAEE0-D8F5-4919-B5C1-B2109AA5F826}.Release|Any CPU.Build.0 = Release|Any CPU
		{9563BE36-9DAB-4107-8A30-C790D84113DD}.Debug|Any CPU.ActiveCfg = Debug|Any CPU
		{9563BE36-9DAB-4107-8A30-C790D84113DD}.Debug|Any CPU.Build.0 = Debug|Any CPU
		{9563BE36-9DAB-4107-8A30-C790D84113DD}.Release|Any CPU.ActiveCfg = Release|Any CPU
		{9563BE36-9DAB-4107-8A30-C790D84113DD}.Release|Any CPU.Build.0 = Release|Any CPU
	EndGlobalSection
	GlobalSection(SolutionProperties) = preSolution
		HideSolutionNode = FALSE
	EndGlobalSection
	GlobalSection(NestedProjects) = preSolution
		{9563BE36-9DAB-4107-8A30-C790D84113DD} = {6C4DDC77-8D9A-4B1E-AFD4-A681B56EB8FB}
	EndGlobalSection
	GlobalSection(ExtensibilityGlobals) = postSolution
		SolutionGuid = {85C22815-0DC3-42AF-AA95-47B00C15360E}
	EndGlobalSection
EndGlobal
